
Microsoft Visual Studio Solution File, Format Version 12.00
# Visual Studio Version 16
VisualStudioVersion = 16.0.29509.3
MinimumVisualStudioVersion = 10.0.40219.1
Project("{9A19103F-16F7-4668-BE54-9A1E7A4F7556}") = "Duplicates", "Duplicates.csproj", "{C614A53C-9C6D-42DC-A2FE-B5E76A0F930F}"
EndProject
Project("{FAE04EC0-301F-11D3-BF4B-00C04F79EFBC}") = "Majority", "..\Unsorted\Majority.csproj", "{D41389F7-8796-4A47-80AE-97948E332F4F}"
EndProject
Global
	GlobalSection(SolutionConfigurationPlatforms) = preSolution
		Debug|Any CPU = Debug|Any CPU
		Release|Any CPU = Release|Any CPU
	EndGlobalSection
	GlobalSection(ProjectConfigurationPlatforms) = postSolution
		{C614A53C-9C6D-42DC-A2FE-B5E76A0F930F}.Debug|Any CPU.ActiveCfg = Debug|Any CPU
		{C614A53C-9C6D-42DC-A2FE-B5E76A0F930F}.Debug|Any CPU.Build.0 = Debug|Any CPU
		{C614A53C-9C6D-42DC-A2FE-B5E76A0F930F}.Release|Any CPU.ActiveCfg = Release|Any CPU
		{C614A53C-9C6D-42DC-A2FE-B5E76A0F930F}.Release|Any CPU.Build.0 = Release|Any CPU
		{D41389F7-8796-4A47-80AE-97948E332F4F}.Debug|Any CPU.ActiveCfg = Debug|Any CPU
		{D41389F7-8796-4A47-80AE-97948E332F4F}.Debug|Any CPU.Build.0 = Debug|Any CPU
		{D41389F7-8796-4A47-80AE-97948E332F4F}.Release|Any CPU.ActiveCfg = Release|Any CPU
		{D41389F7-8796-4A47-80AE-97948E332F4F}.Release|Any CPU.Build.0 = Release|Any CPU
	EndGlobalSection
	GlobalSection(SolutionProperties) = preSolution
		HideSolutionNode = FALSE
	EndGlobalSection
	GlobalSection(ExtensibilityGlobals) = postSolution
		SolutionGuid = {1823FB10-4C8C-47BE-9D95-64CD7D384EDE}
	EndGlobalSection
EndGlobal
